
Microsoft Visual Studio Solution File, Format Version 12.00
# Visual Studio Version 16
VisualStudioVersion = 16.0.34601.136
MinimumVisualStudioVersion = 10.0.40219.1
Project("{FAE04EC0-301F-11D3-BF4B-00C04F79EFBC}") = "Soundfont2Tool", "Soundfont2Tool.csproj", "{F8D94CD4-BD3D-4881-B04C-3574D6F468C1}"
EndProject
Global
	GlobalSection(SolutionConfigurationPlatforms) = preSolution
		Debug|Any CPU = Debug|Any CPU
		Release|Any CPU = Release|Any CPU
	EndGlobalSection
	GlobalSection(ProjectConfigurationPlatforms) = postSolution
		{F8D94CD4-BD3D-4881-B04C-3574D6F468C1}.Debug|Any CPU.ActiveCfg = Debug|Any CPU
		{F8D94CD4-BD3D-4881-B04C-3574D6F468C1}.Debug|Any CPU.Build.0 = Debug|Any CPU
		{F8D94CD4-BD3D-4881-B04C-3574D6F468C1}.Release|Any CPU.ActiveCfg = Release|Any CPU
		{F8D94CD4-BD3D-4881-B04C-3574D6F468C1}.Release|Any CPU.Build.0 = Release|Any CPU
	EndGlobalSection
	GlobalSection(SolutionProperties) = preSolution
		HideSolutionNode = FALSE
	EndGlobalSection
	GlobalSection(ExtensibilityGlobals) = postSolution
		SolutionGuid = {4A5C6EF4-633E-46F9-8D27-1A725092BAA0}
	EndGlobalSection
EndGlobal
